
Microsoft Visual Studio Solution File, Format Version 12.00
# Blend for Visual Studio Version 16
VisualStudioVersion = 16.0.30204.135
MinimumVisualStudioVersion = 10.0.40219.1
Project("{8BC9CEB8-8B4A-11D0-8D11-00A0C91BC942}") = "Graphs", "Graphs\Graphs.vcxproj", "{BE29291D-0318-4463-9E7E-BDBEE48B6804}"
EndProject
Global
	GlobalSection(SolutionConfigurationPlatforms) = preSolution
		Debug|x64 = Debug|x64
		Debug|x86 = Debug|x86
		Release|x64 = Release|x64
		Release|x86 = Release|x86
	EndGlobalSection
	GlobalSection(ProjectConfigurationPlatforms) = postSolution
		{BE29291D-0318-4463-9E7E-BDBEE48B6804}.Debug|x64.ActiveCfg = Debug|x64
		{BE29291D-0318-4463-9E7E-BDBEE48B6804}.Debug|x64.Build.0 = Debug|x64
		{BE29291D-0318-4463-9E7E-BDBEE48B6804}.Debug|x86.ActiveCfg = Debug|Win32
		{BE29291D-0318-4463-9E7E-BDBEE48B6804}.Debug|x86.Build.0 = Debug|Win32
		{BE29291D-0318-4463-9E7E-BDBEE48B6804}.Release|x64.ActiveCfg = Release|x64
		{BE29291D-0318-4463-9E7E-BDBEE48B6804}.Release|x64.Build.0 = Release|x64
		{BE29291D-0318-4463-9E7E-BDBEE48B6804}.Release|x86.ActiveCfg = Release|Win32
		{BE29291D-0318-4463-9E7E-BDBEE48B6804}.Release|x86.Build.0 = Release|Win32
	EndGlobalSection
	GlobalSection(SolutionProperties) = preSolution
		HideSolutionNode = FALSE
	EndGlobalSection
	GlobalSection(ExtensibilityGlobals) = postSolution
		SolutionGuid = {E1AD3298-90C4-4606-9902-4B67410F0093}
	EndGlobalSection
EndGlobal
